// !$*UTF8*$!
{
	archiveVersion = 1;
	classes = {
	};
	objectVersion = 77;
	objects = {

/* Begin PBXBuildFile section */
		D32F910A2CB47AE5008A666E /* MoneySelectionView.swift in Sources */ = {isa = PBXBuildFile; fileRef = D32F91092CB47AE5008A666E /* MoneySelectionView.swift */; };
		D35B507B2CAE966D00C2FBC7 /* UserLocationView.swift in Sources */ = {isa = PBXBuildFile; fileRef = D35B507A2CAE966D00C2FBC7 /* UserLocationView.swift */; };
		D35B507D2CAE9C7600C2FBC7 /* LocationManager.swift in Sources */ = {isa = PBXBuildFile; fileRef = D35B507C2CAE9C7600C2FBC7 /* LocationManager.swift */; };
		D35B50812CAEFCA700C2FBC7 /* URL.swift in Sources */ = {isa = PBXBuildFile; fileRef = D35B50802CAEFCA700C2FBC7 /* URL.swift */; };
		D35B50842CAF0C5400C2FBC7 /* Extensions.swift in Sources */ = {isa = PBXBuildFile; fileRef = D35B50832CAF0C5400C2FBC7 /* Extensions.swift */; };
		D35B50872CAF144E00C2FBC7 /* FiltersView.swift in Sources */ = {isa = PBXBuildFile; fileRef = D35B50862CAF144E00C2FBC7 /* FiltersView.swift */; };
		D35B50892CAF410000C2FBC7 /* Enums.swift in Sources */ = {isa = PBXBuildFile; fileRef = D35B50882CAF410000C2FBC7 /* Enums.swift */; };
		D35B508D2CAF419400C2FBC7 /* URLRequest.swift in Sources */ = {isa = PBXBuildFile; fileRef = D35B508C2CAF419400C2FBC7 /* URLRequest.swift */; };
		D35B508F2CAF41FD00C2FBC7 /* NetworkError.swift in Sources */ = {isa = PBXBuildFile; fileRef = D35B508E2CAF41FD00C2FBC7 /* NetworkError.swift */; };
		D35B50912CAF422100C2FBC7 /* URLSession.swift in Sources */ = {isa = PBXBuildFile; fileRef = D35B50902CAF422100C2FBC7 /* URLSession.swift */; };
		D35B50932CAF437A00C2FBC7 /* NetworkInteractor.swift in Sources */ = {isa = PBXBuildFile; fileRef = D35B50922CAF437A00C2FBC7 /* NetworkInteractor.swift */; };
		D35B50952CAF446E00C2FBC7 /* PlacesInteractor.swift in Sources */ = {isa = PBXBuildFile; fileRef = D35B50942CAF446E00C2FBC7 /* PlacesInteractor.swift */; };
		D35B50992CAF45B100C2FBC7 /* Place.swift in Sources */ = {isa = PBXBuildFile; fileRef = D35B50982CAF45B100C2FBC7 /* Place.swift */; };
		D35B509B2CAF4A5900C2FBC7 /* platilla.swift in Sources */ = {isa = PBXBuildFile; fileRef = D35B509A2CAF4A5900C2FBC7 /* platilla.swift */; };
		D35B509F2CAFEA7C00C2FBC7 /* listaPLacesNativa.json in Resources */ = {isa = PBXBuildFile; fileRef = D35B509E2CAFEA7C00C2FBC7 /* listaPLacesNativa.json */; };
		D35B50A12CB0562D00C2FBC7 /* APIPostModel.swift in Sources */ = {isa = PBXBuildFile; fileRef = D35B50A02CB0562D00C2FBC7 /* APIPostModel.swift */; };
		D35B50A32CB05A5F00C2FBC7 /* PlanMakerVM.swift in Sources */ = {isa = PBXBuildFile; fileRef = D35B50A22CB05A5F00C2FBC7 /* PlanMakerVM.swift */; };
		D35B50A52CB06C4F00C2FBC7 /* EjemploLlamada2.0.json in Resources */ = {isa = PBXBuildFile; fileRef = D35B50A42CB06C4F00C2FBC7 /* EjemploLlamada2.0.json */; };
		D35B50AA2CB1329200C2FBC7 /* Assets.xcassets in Resources */ = {isa = PBXBuildFile; fileRef = D35B50A92CB1329200C2FBC7 /* Assets.xcassets */; };
		D35B50AF2CB1E63B00C2FBC7 /* TypeGridCell.swift in Sources */ = {isa = PBXBuildFile; fileRef = D35B50AE2CB1E63B00C2FBC7 /* TypeGridCell.swift */; };
		D35B50B12CB27CA600C2FBC7 /* MainAppView.swift in Sources */ = {isa = PBXBuildFile; fileRef = D35B50B02CB27CA600C2FBC7 /* MainAppView.swift */; };
		D35B50B42CB2867E00C2FBC7 /* configAPI.plist in Resources */ = {isa = PBXBuildFile; fileRef = D35B50B32CB2867E00C2FBC7 /* configAPI.plist */; };
		D35B50B62CB287EC00C2FBC7 /* APPConfig.swift in Sources */ = {isa = PBXBuildFile; fileRef = D35B50B52CB287EC00C2FBC7 /* APPConfig.swift */; };
		D35B50B82CB28D8C00C2FBC7 /* CategoryTypesView.swift in Sources */ = {isa = PBXBuildFile; fileRef = D35B50B72CB28D8C00C2FBC7 /* CategoryTypesView.swift */; };
		D3635CBE2CB29D3C0034C45D /* FilterTitleComponent.swift in Sources */ = {isa = PBXBuildFile; fileRef = D3635CBD2CB29D3C0034C45D /* FilterTitleComponent.swift */; };
		D36CB0862CAC630A00372C54 /* Preview Assets.xcassets in Resources */ = {isa = PBXBuildFile; fileRef = D36CB0802CAC630A00372C54 /* Preview Assets.xcassets */; };
		D36CB0892CAC630A00372C54 /* PlanMakerApp.swift in Sources */ = {isa = PBXBuildFile; fileRef = D36CB0842CAC630A00372C54 /* PlanMakerApp.swift */; };
		D36CB0902CAC6DF300372C54 /* EjemploLlamadaRestaurantes.json in Resources */ = {isa = PBXBuildFile; fileRef = D36CB08F2CAC6DF300372C54 /* EjemploLlamadaRestaurantes.json */; };
		D36CB0922CAC721800372C54 /* PlaceDTO.swift in Sources */ = {isa = PBXBuildFile; fileRef = D36CB0912CAC721800372C54 /* PlaceDTO.swift */; };
		D36CB0942CAD4ABA00372C54 /* EjemploLlamadaDetalle.json in Resources */ = {isa = PBXBuildFile; fileRef = D36CB0932CAD4ABA00372C54 /* EjemploLlamadaDetalle.json */; };
		D36CB09C2CAD9A4000372C54 /* RangeMapView.swift in Sources */ = {isa = PBXBuildFile; fileRef = D36CB09B2CAD9A4000372C54 /* RangeMapView.swift */; };
		D36CB09E2CADA7D400372C54 /* MapModels.swift in Sources */ = {isa = PBXBuildFile; fileRef = D36CB09D2CADA7D400372C54 /* MapModels.swift */; };
		D36CB0A22CADC19100372C54 /* MapViewModel.swift in Sources */ = {isa = PBXBuildFile; fileRef = D36CB0A12CADC19100372C54 /* MapViewModel.swift */; };
		D37B70A42CB2B08E0074FEDF /* ActivitiesSelectionView.swift in Sources */ = {isa = PBXBuildFile; fileRef = D37B70A32CB2B08E0074FEDF /* ActivitiesSelectionView.swift */; };
		D37B70A62CB2B1AC0074FEDF /* TimeSelectionView.swift in Sources */ = {isa = PBXBuildFile; fileRef = D37B70A52CB2B1AC0074FEDF /* TimeSelectionView.swift */; };
/* End PBXBuildFile section */

/* Begin PBXFileReference section */
		D32F91092CB47AE5008A666E /* MoneySelectionView.swift */ = {isa = PBXFileReference; lastKnownFileType = sourcecode.swift; path = MoneySelectionView.swift; sourceTree = "<group>"; };
		D35B507A2CAE966D00C2FBC7 /* UserLocationView.swift */ = {isa = PBXFileReference; lastKnownFileType = sourcecode.swift; path = UserLocationView.swift; sourceTree = "<group>"; };
		D35B507C2CAE9C7600C2FBC7 /* LocationManager.swift */ = {isa = PBXFileReference; lastKnownFileType = sourcecode.swift; path = LocationManager.swift; sourceTree = "<group>"; };
		D35B50802CAEFCA700C2FBC7 /* URL.swift */ = {isa = PBXFileReference; lastKnownFileType = sourcecode.swift; path = URL.swift; sourceTree = "<group>"; };
		D35B50832CAF0C5400C2FBC7 /* Extensions.swift */ = {isa = PBXFileReference; lastKnownFileType = sourcecode.swift; path = Extensions.swift; sourceTree = "<group>"; };
		D35B50862CAF144E00C2FBC7 /* FiltersView.swift */ = {isa = PBXFileReference; lastKnownFileType = sourcecode.swift; path = FiltersView.swift; sourceTree = "<group>"; };
		D35B50882CAF410000C2FBC7 /* Enums.swift */ = {isa = PBXFileReference; lastKnownFileType = sourcecode.swift; path = Enums.swift; sourceTree = "<group>"; };
		D35B508C2CAF419400C2FBC7 /* URLRequest.swift */ = {isa = PBXFileReference; lastKnownFileType = sourcecode.swift; path = URLRequest.swift; sourceTree = "<group>"; };
		D35B508E2CAF41FD00C2FBC7 /* NetworkError.swift */ = {isa = PBXFileReference; lastKnownFileType = sourcecode.swift; path = NetworkError.swift; sourceTree = "<group>"; };
		D35B50902CAF422100C2FBC7 /* URLSession.swift */ = {isa = PBXFileReference; lastKnownFileType = sourcecode.swift; path = URLSession.swift; sourceTree = "<group>"; };
		D35B50922CAF437A00C2FBC7 /* NetworkInteractor.swift */ = {isa = PBXFileReference; lastKnownFileType = sourcecode.swift; path = NetworkInteractor.swift; sourceTree = "<group>"; };
		D35B50942CAF446E00C2FBC7 /* PlacesInteractor.swift */ = {isa = PBXFileReference; lastKnownFileType = sourcecode.swift; path = PlacesInteractor.swift; sourceTree = "<group>"; };
		D35B50982CAF45B100C2FBC7 /* Place.swift */ = {isa = PBXFileReference; lastKnownFileType = sourcecode.swift; path = Place.swift; sourceTree = "<group>"; };
		D35B509A2CAF4A5900C2FBC7 /* platilla.swift */ = {isa = PBXFileReference; lastKnownFileType = sourcecode.swift; path = platilla.swift; sourceTree = "<group>"; };
		D35B509E2CAFEA7C00C2FBC7 /* listaPLacesNativa.json */ = {isa = PBXFileReference; lastKnownFileType = text.json; path = listaPLacesNativa.json; sourceTree = "<group>"; };
		D35B50A02CB0562D00C2FBC7 /* APIPostModel.swift */ = {isa = PBXFileReference; lastKnownFileType = sourcecode.swift; path = APIPostModel.swift; sourceTree = "<group>"; };
		D35B50A22CB05A5F00C2FBC7 /* PlanMakerVM.swift */ = {isa = PBXFileReference; lastKnownFileType = sourcecode.swift; path = PlanMakerVM.swift; sourceTree = "<group>"; };
		D35B50A42CB06C4F00C2FBC7 /* EjemploLlamada2.0.json */ = {isa = PBXFileReference; lastKnownFileType = text.json; path = EjemploLlamada2.0.json; sourceTree = "<group>"; };
		D35B50A92CB1329200C2FBC7 /* Assets.xcassets */ = {isa = PBXFileReference; lastKnownFileType = folder.assetcatalog; path = Assets.xcassets; sourceTree = "<group>"; };
		D35B50AE2CB1E63B00C2FBC7 /* TypeGridCell.swift */ = {isa = PBXFileReference; lastKnownFileType = sourcecode.swift; path = TypeGridCell.swift; sourceTree = "<group>"; };
		D35B50B02CB27CA600C2FBC7 /* MainAppView.swift */ = {isa = PBXFileReference; lastKnownFileType = sourcecode.swift; path = MainAppView.swift; sourceTree = "<group>"; };
		D35B50B32CB2867E00C2FBC7 /* configAPI.plist */ = {isa = PBXFileReference; lastKnownFileType = text.plist.xml; path = configAPI.plist; sourceTree = "<group>"; };
		D35B50B52CB287EC00C2FBC7 /* APPConfig.swift */ = {isa = PBXFileReference; lastKnownFileType = sourcecode.swift; path = APPConfig.swift; sourceTree = "<group>"; };
		D35B50B72CB28D8C00C2FBC7 /* CategoryTypesView.swift */ = {isa = PBXFileReference; lastKnownFileType = sourcecode.swift; path = CategoryTypesView.swift; sourceTree = "<group>"; };
		D3635CBD2CB29D3C0034C45D /* FilterTitleComponent.swift */ = {isa = PBXFileReference; lastKnownFileType = sourcecode.swift; path = FilterTitleComponent.swift; sourceTree = "<group>"; };
		D36CB06F2CAC62A500372C54 /* PlanMaker.app */ = {isa = PBXFileReference; explicitFileType = wrapper.application; includeInIndex = 0; path = PlanMaker.app; sourceTree = BUILT_PRODUCTS_DIR; };
		D36CB0802CAC630A00372C54 /* Preview Assets.xcassets */ = {isa = PBXFileReference; lastKnownFileType = folder.assetcatalog; path = "Preview Assets.xcassets"; sourceTree = "<group>"; };
		D36CB0842CAC630A00372C54 /* PlanMakerApp.swift */ = {isa = PBXFileReference; lastKnownFileType = sourcecode.swift; path = PlanMakerApp.swift; sourceTree = "<group>"; };
		D36CB08F2CAC6DF300372C54 /* EjemploLlamadaRestaurantes.json */ = {isa = PBXFileReference; lastKnownFileType = text.json; path = EjemploLlamadaRestaurantes.json; sourceTree = "<group>"; };
		D36CB0912CAC721800372C54 /* PlaceDTO.swift */ = {isa = PBXFileReference; lastKnownFileType = sourcecode.swift; path = PlaceDTO.swift; sourceTree = "<group>"; };
		D36CB0932CAD4ABA00372C54 /* EjemploLlamadaDetalle.json */ = {isa = PBXFileReference; lastKnownFileType = text.json; path = EjemploLlamadaDetalle.json; sourceTree = "<group>"; };
		D36CB09B2CAD9A4000372C54 /* RangeMapView.swift */ = {isa = PBXFileReference; lastKnownFileType = sourcecode.swift; path = RangeMapView.swift; sourceTree = "<group>"; };
		D36CB09D2CADA7D400372C54 /* MapModels.swift */ = {isa = PBXFileReference; lastKnownFileType = sourcecode.swift; path = MapModels.swift; sourceTree = "<group>"; };
		D36CB0A12CADC19100372C54 /* MapViewModel.swift */ = {isa = PBXFileReference; lastKnownFileType = sourcecode.swift; path = MapViewModel.swift; sourceTree = "<group>"; };
		D37B70A32CB2B08E0074FEDF /* ActivitiesSelectionView.swift */ = {isa = PBXFileReference; lastKnownFileType = sourcecode.swift; path = ActivitiesSelectionView.swift; sourceTree = "<group>"; };
		D37B70A52CB2B1AC0074FEDF /* TimeSelectionView.swift */ = {isa = PBXFileReference; lastKnownFileType = sourcecode.swift; path = TimeSelectionView.swift; sourceTree = "<group>"; };
/* End PBXFileReference section */

/* Begin PBXFrameworksBuildPhase section */
		D36CB06C2CAC62A500372C54 /* Frameworks */ = {
			isa = PBXFrameworksBuildPhase;
			buildActionMask = 2147483647;
			files = (
			);
			runOnlyForDeploymentPostprocessing = 0;
		};
/* End PBXFrameworksBuildPhase section */

/* Begin PBXGroup section */
		D35B507E2CAE9D1B00C2FBC7 /* Maps */ = {
			isa = PBXGroup;
			children = (
				D36CB0A12CADC19100372C54 /* MapViewModel.swift */,
				D35B507C2CAE9C7600C2FBC7 /* LocationManager.swift */,
			);
			path = Maps;
			sourceTree = "<group>";
		};
		D35B507F2CAEFB8400C2FBC7 /* filtersSelection */ = {
			isa = PBXGroup;
			children = (
				D35B50862CAF144E00C2FBC7 /* FiltersView.swift */,
				D37B70A32CB2B08E0074FEDF /* ActivitiesSelectionView.swift */,
				D37B70A52CB2B1AC0074FEDF /* TimeSelectionView.swift */,
				D36CB09B2CAD9A4000372C54 /* RangeMapView.swift */,
				D32F91092CB47AE5008A666E /* MoneySelectionView.swift */,
			);
			path = filtersSelection;
			sourceTree = "<group>";
		};
		D35B50822CAF0C3C00C2FBC7 /* Extensions */ = {
			isa = PBXGroup;
			children = (
				D35B50832CAF0C5400C2FBC7 /* Extensions.swift */,
				D35B509A2CAF4A5900C2FBC7 /* platilla.swift */,
			);
			path = Extensions;
			sourceTree = "<group>";
		};
		D35B50852CAF0CB700C2FBC7 /* Maps */ = {
			isa = PBXGroup;
			children = (
				D35B507A2CAE966D00C2FBC7 /* UserLocationView.swift */,
			);
			path = Maps;
			sourceTree = "<group>";
		};
		D35B50962CAF458100C2FBC7 /* ModelDTO */ = {
			isa = PBXGroup;
			children = (
				D36CB0912CAC721800372C54 /* PlaceDTO.swift */,
				D35B50A02CB0562D00C2FBC7 /* APIPostModel.swift */,
			);
			path = ModelDTO;
			sourceTree = "<group>";
		};
		D35B50972CAF459500C2FBC7 /* Model */ = {
			isa = PBXGroup;
			children = (
				D35B50982CAF45B100C2FBC7 /* Place.swift */,
			);
			path = Model;
			sourceTree = "<group>";
		};
		D35B509C2CAFE99F00C2FBC7 /* LlamadasAPIGoogle */ = {
			isa = PBXGroup;
			children = (
				D36CB0932CAD4ABA00372C54 /* EjemploLlamadaDetalle.json */,
				D36CB08F2CAC6DF300372C54 /* EjemploLlamadaRestaurantes.json */,
				D35B50A42CB06C4F00C2FBC7 /* EjemploLlamada2.0.json */,
			);
			path = LlamadasAPIGoogle;
			sourceTree = "<group>";
		};
		D35B509D2CAFEA6900C2FBC7 /* LlamadasAPINativa */ = {
			isa = PBXGroup;
			children = (
				D35B509E2CAFEA7C00C2FBC7 /* listaPLacesNativa.json */,
			);
			path = LlamadasAPINativa;
			sourceTree = "<group>";
		};
		D35B50A82CB1327400C2FBC7 /* Resources */ = {
			isa = PBXGroup;
			children = (
				D35B50A92CB1329200C2FBC7 /* Assets.xcassets */,
			);
			path = Resources;
			sourceTree = "<group>";
		};
		D36CB0662CAC62A500372C54 = {
			isa = PBXGroup;
			children = (
				D36CB0852CAC630A00372C54 /* PlanMaker */,
				D36CB0702CAC62A500372C54 /* Products */,
			);
			sourceTree = "<group>";
		};
		D36CB0702CAC62A500372C54 /* Products */ = {
			isa = PBXGroup;
			children = (
				D36CB06F2CAC62A500372C54 /* PlanMaker.app */,
			);
			name = Products;
			sourceTree = "<group>";
		};
		D36CB0812CAC630A00372C54 /* Preview Content */ = {
			isa = PBXGroup;
			children = (
				D35B509D2CAFEA6900C2FBC7 /* LlamadasAPINativa */,
				D35B509C2CAFE99F00C2FBC7 /* LlamadasAPIGoogle */,
				D36CB0802CAC630A00372C54 /* Preview Assets.xcassets */,
			);
			path = "Preview Content";
			sourceTree = "<group>";
		};
		D36CB0852CAC630A00372C54 /* PlanMaker */ = {
			isa = PBXGroup;
			children = (
				D36CB08E2CAC636900372C54 /* Views */,
				D36CB08D2CAC635B00372C54 /* ViewModels */,
				D36CB08C2CAC634F00372C54 /* Interactor */,
				D36CB08B2CAC634700372C54 /* Interface */,
				D35B50822CAF0C3C00C2FBC7 /* Extensions */,
				D36CB08A2CAC633F00372C54 /* Models */,
				D36CB0952CAD4CEB00372C54 /* System */,
				D35B50A82CB1327400C2FBC7 /* Resources */,
				D36CB0812CAC630A00372C54 /* Preview Content */,
			);
			path = PlanMaker;
			sourceTree = "<group>";
		};
		D36CB08A2CAC633F00372C54 /* Models */ = {
			isa = PBXGroup;
			children = (
				D35B50972CAF459500C2FBC7 /* Model */,
				D35B50962CAF458100C2FBC7 /* ModelDTO */,
				D36CB09D2CADA7D400372C54 /* MapModels.swift */,
				D35B50882CAF410000C2FBC7 /* Enums.swift */,
			);
			path = Models;
			sourceTree = "<group>";
		};
		D36CB08B2CAC634700372C54 /* Interface */ = {
			isa = PBXGroup;
			children = (
				D35B50802CAEFCA700C2FBC7 /* URL.swift */,
				D35B508C2CAF419400C2FBC7 /* URLRequest.swift */,
				D35B508E2CAF41FD00C2FBC7 /* NetworkError.swift */,
				D35B50902CAF422100C2FBC7 /* URLSession.swift */,
				D35B50922CAF437A00C2FBC7 /* NetworkInteractor.swift */,
			);
			path = Interface;
			sourceTree = "<group>";
		};
		D36CB08C2CAC634F00372C54 /* Interactor */ = {
			isa = PBXGroup;
			children = (
				D35B50942CAF446E00C2FBC7 /* PlacesInteractor.swift */,
			);
			path = Interactor;
			sourceTree = "<group>";
		};
		D36CB08D2CAC635B00372C54 /* ViewModels */ = {
			isa = PBXGroup;
			children = (
				D35B50A22CB05A5F00C2FBC7 /* PlanMakerVM.swift */,
				D35B507E2CAE9D1B00C2FBC7 /* Maps */,
			);
			path = ViewModels;
			sourceTree = "<group>";
		};
		D36CB08E2CAC636900372C54 /* Views */ = {
			isa = PBXGroup;
			children = (
				D35B50B02CB27CA600C2FBC7 /* MainAppView.swift */,
				D35B50852CAF0CB700C2FBC7 /* Maps */,
				D35B507F2CAEFB8400C2FBC7 /* filtersSelection */,
				D36CB0962CAD548300372C54 /* Components */,
			);
			path = Views;
			sourceTree = "<group>";
		};
		D36CB0952CAD4CEB00372C54 /* System */ = {
			isa = PBXGroup;
			children = (
				D36CB0842CAC630A00372C54 /* PlanMakerApp.swift */,
				D35B50B32CB2867E00C2FBC7 /* configAPI.plist */,
				D35B50B52CB287EC00C2FBC7 /* APPConfig.swift */,
			);
			path = System;
			sourceTree = "<group>";
		};
		D36CB0962CAD548300372C54 /* Components */ = {
			isa = PBXGroup;
			children = (
				D35B50AE2CB1E63B00C2FBC7 /* TypeGridCell.swift */,
				D35B50B72CB28D8C00C2FBC7 /* CategoryTypesView.swift */,
				D3635CBD2CB29D3C0034C45D /* FilterTitleComponent.swift */,
			);
			path = Components;
			sourceTree = "<group>";
		};
/* End PBXGroup section */

/* Begin PBXNativeTarget section */
		D36CB06E2CAC62A500372C54 /* PlanMaker */ = {
			isa = PBXNativeTarget;
			buildConfigurationList = D36CB07D2CAC62A700372C54 /* Build configuration list for PBXNativeTarget "PlanMaker" */;
			buildPhases = (
				D36CB06B2CAC62A500372C54 /* Sources */,
				D36CB06C2CAC62A500372C54 /* Frameworks */,
				D36CB06D2CAC62A500372C54 /* Resources */,
			);
			buildRules = (
			);
			dependencies = (
			);
			name = PlanMaker;
			packageProductDependencies = (
			);
			productName = PlanMaker;
			productReference = D36CB06F2CAC62A500372C54 /* PlanMaker.app */;
			productType = "com.apple.product-type.application";
		};
/* End PBXNativeTarget section */

/* Begin PBXProject section */
		D36CB0672CAC62A500372C54 /* Project object */ = {
			isa = PBXProject;
			attributes = {
				BuildIndependentTargetsInParallel = 1;
				LastSwiftUpdateCheck = 1600;
				LastUpgradeCheck = 1600;
				TargetAttributes = {
					D36CB06E2CAC62A500372C54 = {
						CreatedOnToolsVersion = 16.0;
					};
				};
			};
			buildConfigurationList = D36CB06A2CAC62A500372C54 /* Build configuration list for PBXProject "PlanMaker" */;
			developmentRegion = en;
			hasScannedForEncodings = 0;
			knownRegions = (
				en,
				Base,
			);
			mainGroup = D36CB0662CAC62A500372C54;
			minimizedProjectReferenceProxies = 1;
			preferredProjectObjectVersion = 77;
			productRefGroup = D36CB0702CAC62A500372C54 /* Products */;
			projectDirPath = "";
			projectRoot = "";
			targets = (
				D36CB06E2CAC62A500372C54 /* PlanMaker */,
			);
		};
/* End PBXProject section */

/* Begin PBXResourcesBuildPhase section */
		D36CB06D2CAC62A500372C54 /* Resources */ = {
			isa = PBXResourcesBuildPhase;
			buildActionMask = 2147483647;
			files = (
				D36CB0862CAC630A00372C54 /* Preview Assets.xcassets in Resources */,
				D35B50B42CB2867E00C2FBC7 /* configAPI.plist in Resources */,
				D35B509F2CAFEA7C00C2FBC7 /* listaPLacesNativa.json in Resources */,
				D35B50A52CB06C4F00C2FBC7 /* EjemploLlamada2.0.json in Resources */,
				D36CB0942CAD4ABA00372C54 /* EjemploLlamadaDetalle.json in Resources */,
				D35B50AA2CB1329200C2FBC7 /* Assets.xcassets in Resources */,
				D36CB0902CAC6DF300372C54 /* EjemploLlamadaRestaurantes.json in Resources */,
			);
			runOnlyForDeploymentPostprocessing = 0;
		};
/* End PBXResourcesBuildPhase section */

/* Begin PBXSourcesBuildPhase section */
		D36CB06B2CAC62A500372C54 /* Sources */ = {
			isa = PBXSourcesBuildPhase;
			buildActionMask = 2147483647;
			files = (
				D35B509B2CAF4A5900C2FBC7 /* platilla.swift in Sources */,
				D35B50A32CB05A5F00C2FBC7 /* PlanMakerVM.swift in Sources */,
				D36CB09C2CAD9A4000372C54 /* RangeMapView.swift in Sources */,
				D35B508F2CAF41FD00C2FBC7 /* NetworkError.swift in Sources */,
				D35B50B62CB287EC00C2FBC7 /* APPConfig.swift in Sources */,
				D35B507B2CAE966D00C2FBC7 /* UserLocationView.swift in Sources */,
				D35B507D2CAE9C7600C2FBC7 /* LocationManager.swift in Sources */,
				D35B50B12CB27CA600C2FBC7 /* MainAppView.swift in Sources */,
				D36CB09E2CADA7D400372C54 /* MapModels.swift in Sources */,
				D35B50932CAF437A00C2FBC7 /* NetworkInteractor.swift in Sources */,
				D37B70A42CB2B08E0074FEDF /* ActivitiesSelectionView.swift in Sources */,
				D35B508D2CAF419400C2FBC7 /* URLRequest.swift in Sources */,
				D35B50B82CB28D8C00C2FBC7 /* CategoryTypesView.swift in Sources */,
				D3635CBE2CB29D3C0034C45D /* FilterTitleComponent.swift in Sources */,
				D35B50892CAF410000C2FBC7 /* Enums.swift in Sources */,
				D36CB0A22CADC19100372C54 /* MapViewModel.swift in Sources */,
				D35B50992CAF45B100C2FBC7 /* Place.swift in Sources */,
				D35B50842CAF0C5400C2FBC7 /* Extensions.swift in Sources */,
				D36CB0892CAC630A00372C54 /* PlanMakerApp.swift in Sources */,
				D35B50872CAF144E00C2FBC7 /* FiltersView.swift in Sources */,
				D35B50952CAF446E00C2FBC7 /* PlacesInteractor.swift in Sources */,
				D35B50912CAF422100C2FBC7 /* URLSession.swift in Sources */,
				D37B70A62CB2B1AC0074FEDF /* TimeSelectionView.swift in Sources */,
				D32F910A2CB47AE5008A666E /* MoneySelectionView.swift in Sources */,
				D35B50A12CB0562D00C2FBC7 /* APIPostModel.swift in Sources */,
				D35B50AF2CB1E63B00C2FBC7 /* TypeGridCell.swift in Sources */,
				D36CB0922CAC721800372C54 /* PlaceDTO.swift in Sources */,
				D35B50812CAEFCA700C2FBC7 /* URL.swift in Sources */,
			);
			runOnlyForDeploymentPostprocessing = 0;
		};
/* End PBXSourcesBuildPhase section */

/* Begin XCBuildConfiguration section */
		D36CB07B2CAC62A700372C54 /* Debug */ = {
			isa = XCBuildConfiguration;
			buildSettings = {
				ALWAYS_SEARCH_USER_PATHS = NO;
				ASSETCATALOG_COMPILER_GENERATE_SWIFT_ASSET_SYMBOL_EXTENSIONS = YES;
				CLANG_ANALYZER_NONNULL = YES;
				CLANG_ANALYZER_NUMBER_OBJECT_CONVERSION = YES_AGGRESSIVE;
				CLANG_CXX_LANGUAGE_STANDARD = "gnu++20";
				CLANG_ENABLE_MODULES = YES;
				CLANG_ENABLE_OBJC_ARC = YES;
				CLANG_ENABLE_OBJC_WEAK = YES;
				CLANG_WARN_BLOCK_CAPTURE_AUTORELEASING = YES;
				CLANG_WARN_BOOL_CONVERSION = YES;
				CLANG_WARN_COMMA = YES;
				CLANG_WARN_CONSTANT_CONVERSION = YES;
				CLANG_WARN_DEPRECATED_OBJC_IMPLEMENTATIONS = YES;
				CLANG_WARN_DIRECT_OBJC_ISA_USAGE = YES_ERROR;
				CLANG_WARN_DOCUMENTATION_COMMENTS = YES;
				CLANG_WARN_EMPTY_BODY = YES;
				CLANG_WARN_ENUM_CONVERSION = YES;
				CLANG_WARN_INFINITE_RECURSION = YES;
				CLANG_WARN_INT_CONVERSION = YES;
				CLANG_WARN_NON_LITERAL_NULL_CONVERSION = YES;
				CLANG_WARN_OBJC_IMPLICIT_RETAIN_SELF = YES;
				CLANG_WARN_OBJC_LITERAL_CONVERSION = YES;
				CLANG_WARN_OBJC_ROOT_CLASS = YES_ERROR;
				CLANG_WARN_QUOTED_INCLUDE_IN_FRAMEWORK_HEADER = YES;
				CLANG_WARN_RANGE_LOOP_ANALYSIS = YES;
				CLANG_WARN_STRICT_PROTOTYPES = YES;
				CLANG_WARN_SUSPICIOUS_MOVE = YES;
				CLANG_WARN_UNGUARDED_AVAILABILITY = YES_AGGRESSIVE;
				CLANG_WARN_UNREACHABLE_CODE = YES;
				CLANG_WARN__DUPLICATE_METHOD_MATCH = YES;
				COPY_PHASE_STRIP = NO;
				DEBUG_INFORMATION_FORMAT = dwarf;
				ENABLE_STRICT_OBJC_MSGSEND = YES;
				ENABLE_TESTABILITY = YES;
				ENABLE_USER_SCRIPT_SANDBOXING = YES;
				GCC_C_LANGUAGE_STANDARD = gnu17;
				GCC_DYNAMIC_NO_PIC = NO;
				GCC_NO_COMMON_BLOCKS = YES;
				GCC_OPTIMIZATION_LEVEL = 0;
				GCC_PREPROCESSOR_DEFINITIONS = (
					"DEBUG=1",
					"$(inherited)",
				);
				GCC_WARN_64_TO_32_BIT_CONVERSION = YES;
				GCC_WARN_ABOUT_RETURN_TYPE = YES_ERROR;
				GCC_WARN_UNDECLARED_SELECTOR = YES;
				GCC_WARN_UNINITIALIZED_AUTOS = YES_AGGRESSIVE;
				GCC_WARN_UNUSED_FUNCTION = YES;
				GCC_WARN_UNUSED_VARIABLE = YES;
				IPHONEOS_DEPLOYMENT_TARGET = 18.0;
				LOCALIZATION_PREFERS_STRING_CATALOGS = YES;
				MTL_ENABLE_DEBUG_INFO = INCLUDE_SOURCE;
				MTL_FAST_MATH = YES;
				ONLY_ACTIVE_ARCH = YES;
				SDKROOT = iphoneos;
				SWIFT_ACTIVE_COMPILATION_CONDITIONS = "DEBUG $(inherited)";
				SWIFT_OPTIMIZATION_LEVEL = "-Onone";
			};
			name = Debug;
		};
		D36CB07C2CAC62A700372C54 /* Release */ = {
			isa = XCBuildConfiguration;
			buildSettings = {
				ALWAYS_SEARCH_USER_PATHS = NO;
				ASSETCATALOG_COMPILER_GENERATE_SWIFT_ASSET_SYMBOL_EXTENSIONS = YES;
				CLANG_ANALYZER_NONNULL = YES;
				CLANG_ANALYZER_NUMBER_OBJECT_CONVERSION = YES_AGGRESSIVE;
				CLANG_CXX_LANGUAGE_STANDARD = "gnu++20";
				CLANG_ENABLE_MODULES = YES;
				CLANG_ENABLE_OBJC_ARC = YES;
				CLANG_ENABLE_OBJC_WEAK = YES;
				CLANG_WARN_BLOCK_CAPTURE_AUTORELEASING = YES;
				CLANG_WARN_BOOL_CONVERSION = YES;
				CLANG_WARN_COMMA = YES;
				CLANG_WARN_CONSTANT_CONVERSION = YES;
				CLANG_WARN_DEPRECATED_OBJC_IMPLEMENTATIONS = YES;
				CLANG_WARN_DIRECT_OBJC_ISA_USAGE = YES_ERROR;
				CLANG_WARN_DOCUMENTATION_COMMENTS = YES;
				CLANG_WARN_EMPTY_BODY = YES;
				CLANG_WARN_ENUM_CONVERSION = YES;
				CLANG_WARN_INFINITE_RECURSION = YES;
				CLANG_WARN_INT_CONVERSION = YES;
				CLANG_WARN_NON_LITERAL_NULL_CONVERSION = YES;
				CLANG_WARN_OBJC_IMPLICIT_RETAIN_SELF = YES;
				CLANG_WARN_OBJC_LITERAL_CONVERSION = YES;
				CLANG_WARN_OBJC_ROOT_CLASS = YES_ERROR;
				CLANG_WARN_QUOTED_INCLUDE_IN_FRAMEWORK_HEADER = YES;
				CLANG_WARN_RANGE_LOOP_ANALYSIS = YES;
				CLANG_WARN_STRICT_PROTOTYPES = YES;
				CLANG_WARN_SUSPICIOUS_MOVE = YES;
				CLANG_WARN_UNGUARDED_AVAILABILITY = YES_AGGRESSIVE;
				CLANG_WARN_UNREACHABLE_CODE = YES;
				CLANG_WARN__DUPLICATE_METHOD_MATCH = YES;
				COPY_PHASE_STRIP = NO;
				DEBUG_INFORMATION_FORMAT = "dwarf-with-dsym";
				ENABLE_NS_ASSERTIONS = NO;
				ENABLE_STRICT_OBJC_MSGSEND = YES;
				ENABLE_USER_SCRIPT_SANDBOXING = YES;
				GCC_C_LANGUAGE_STANDARD = gnu17;
				GCC_NO_COMMON_BLOCKS = YES;
				GCC_WARN_64_TO_32_BIT_CONVERSION = YES;
				GCC_WARN_ABOUT_RETURN_TYPE = YES_ERROR;
				GCC_WARN_UNDECLARED_SELECTOR = YES;
				GCC_WARN_UNINITIALIZED_AUTOS = YES_AGGRESSIVE;
				GCC_WARN_UNUSED_FUNCTION = YES;
				GCC_WARN_UNUSED_VARIABLE = YES;
				IPHONEOS_DEPLOYMENT_TARGET = 18.0;
				LOCALIZATION_PREFERS_STRING_CATALOGS = YES;
				MTL_ENABLE_DEBUG_INFO = NO;
				MTL_FAST_MATH = YES;
				SDKROOT = iphoneos;
				SWIFT_COMPILATION_MODE = wholemodule;
				VALIDATE_PRODUCT = YES;
			};
			name = Release;
		};
		D36CB07E2CAC62A700372C54 /* Debug */ = {
			isa = XCBuildConfiguration;
			buildSettings = {
				ASSETCATALOG_COMPILER_APPICON_NAME = AppIcon;
				ASSETCATALOG_COMPILER_GLOBAL_ACCENT_COLOR_NAME = AccentColor;
				CODE_SIGN_STYLE = Automatic;
				CURRENT_PROJECT_VERSION = 1;
				DEVELOPMENT_ASSET_PATHS = "\"PlanMaker/Preview Content\"";
				DEVELOPMENT_TEAM = L46T9NVJ2U;
				ENABLE_PREVIEWS = YES;
				GENERATE_INFOPLIST_FILE = YES;
				INFOPLIST_KEY_NSLocationWhenInUseUsageDescription = "The app needs access to your location to provide location-based services.";
				INFOPLIST_KEY_UIApplicationSceneManifest_Generation = YES;
				INFOPLIST_KEY_UIApplicationSupportsIndirectInputEvents = YES;
				INFOPLIST_KEY_UILaunchScreen_Generation = YES;
				INFOPLIST_KEY_UISupportedInterfaceOrientations_iPad = "UIInterfaceOrientationPortrait UIInterfaceOrientationPortraitUpsideDown UIInterfaceOrientationLandscapeLeft UIInterfaceOrientationLandscapeRight";
				INFOPLIST_KEY_UISupportedInterfaceOrientations_iPhone = "UIInterfaceOrientationPortrait UIInterfaceOrientationLandscapeLeft UIInterfaceOrientationLandscapeRight";
				LD_RUNPATH_SEARCH_PATHS = (
					"$(inherited)",
					"@executable_path/Frameworks",
				);
				MARKETING_VERSION = 1.0;
				PRODUCT_BUNDLE_IDENTIFIER = com.fmalourarte.PlanMaker;
				PRODUCT_NAME = "$(TARGET_NAME)";
				SWIFT_EMIT_LOC_STRINGS = YES;
				SWIFT_VERSION = 5.0;
				TARGETED_DEVICE_FAMILY = "1,2";
			};
			name = Debug;
		};
		D36CB07F2CAC62A700372C54 /* Release */ = {
			isa = XCBuildConfiguration;
			buildSettings = {
				ASSETCATALOG_COMPILER_APPICON_NAME = AppIcon;
				ASSETCATALOG_COMPILER_GLOBAL_ACCENT_COLOR_NAME = AccentColor;
				CODE_SIGN_STYLE = Automatic;
				CURRENT_PROJECT_VERSION = 1;
				DEVELOPMENT_ASSET_PATHS = "\"PlanMaker/Preview Content\"";
				DEVELOPMENT_TEAM = L46T9NVJ2U;
				ENABLE_PREVIEWS = YES;
				GENERATE_INFOPLIST_FILE = YES;
				INFOPLIST_KEY_NSLocationWhenInUseUsageDescription = "The app needs access to your location to provide location-based services.";
				INFOPLIST_KEY_UIApplicationSceneManifest_Generation = YES;
				INFOPLIST_KEY_UIApplicationSupportsIndirectInputEvents = YES;
				INFOPLIST_KEY_UILaunchScreen_Generation = YES;
				INFOPLIST_KEY_UISupportedInterfaceOrientations_iPad = "UIInterfaceOrientationPortrait UIInterfaceOrientationPortraitUpsideDown UIInterfaceOrientationLandscapeLeft UIInterfaceOrientationLandscapeRight";
				INFOPLIST_KEY_UISupportedInterfaceOrientations_iPhone = "UIInterfaceOrientationPortrait UIInterfaceOrientationLandscapeLeft UIInterfaceOrientationLandscapeRight";
				LD_RUNPATH_SEARCH_PATHS = (
					"$(inherited)",
					"@executable_path/Frameworks",
				);
				MARKETING_VERSION = 1.0;
				PRODUCT_BUNDLE_IDENTIFIER = com.fmalourarte.PlanMaker;
				PRODUCT_NAME = "$(TARGET_NAME)";
				SWIFT_EMIT_LOC_STRINGS = YES;
				SWIFT_VERSION = 5.0;
				TARGETED_DEVICE_FAMILY = "1,2";
			};
			name = Release;
		};
/* End XCBuildConfiguration section */

/* Begin XCConfigurationList section */
		D36CB06A2CAC62A500372C54 /* Build configuration list for PBXProject "PlanMaker" */ = {
			isa = XCConfigurationList;
			buildConfigurations = (
				D36CB07B2CAC62A700372C54 /* Debug */,
				D36CB07C2CAC62A700372C54 /* Release */,
			);
			defaultConfigurationIsVisible = 0;
			defaultConfigurationName = Release;
		};
		D36CB07D2CAC62A700372C54 /* Build configuration list for PBXNativeTarget "PlanMaker" */ = {
			isa = XCConfigurationList;
			buildConfigurations = (
				D36CB07E2CAC62A700372C54 /* Debug */,
				D36CB07F2CAC62A700372C54 /* Release */,
			);
			defaultConfigurationIsVisible = 0;
			defaultConfigurationName = Release;
		};
/* End XCConfigurationList section */
	};
	rootObject = D36CB0672CAC62A500372C54 /* Project object */;
}
